Microsoft Visual Studio Solution File, Format Version 12.00
# Visual Studio Version 17
VisualStudioVersion = 17.7.34018.315
MinimumVisualStudioVersion = 10.0.40219.1
Project("{9A19103F-16F7-4668-BE54-9A1E7A4F7556}") = "Wpf", "Wpf\Wpf.csproj", "{EFB31E20-1787-4907-A14C-BF3675EBC46B}"
EndProject
Project("{9A19103F-16F7-4668-BE54-9A1E7A4F7556}") = "Data", "Data\Data.csproj", "{44660FF2-F855-4181-B228-A23B73B72F48}"
EndProject
Project("{9A19103F-16F7-4668-BE54-9A1E7A4F7556}") = "App", "App\App.csproj", "{183F270E-C0B1-4764-9AA4-657C0C92B351}"
EndProject
Project("{2150E333-8FDC-42A3-9474-1A3956D46DE8}") = "Solution Items", "Solution Items", "{8207DEAB-1DEF-4D3B-80BD-2C843ACFFEDF}"
	ProjectSection(SolutionItems) = preProject
		Resource\logo.ico = Resource\logo.ico
		Resource\logo.png = Resource\logo.png
	EndProjectSection
EndProject
Global
	GlobalSection(SolutionConfigurationPlatforms) = preSolution
		Debug|Any CPU = Debug|Any CPU
		Release|Any CPU = Release|Any CPU
	EndGlobalSection
	GlobalSection(ProjectConfigurationPlatforms) = postSolution
		{EFB31E20-1787-4907-A14C-BF3675EBC46B}.Debug|Any CPU.ActiveCfg = Debug|Any CPU
		{EFB31E20-1787-4907-A14C-BF3675EBC46B}.Debug|Any CPU.Build.0 = Debug|Any CPU
		{EFB31E20-1787-4907-A14C-BF3675EBC46B}.Release|Any CPU.ActiveCfg = Release|Any CPU
		{EFB31E20-1787-4907-A14C-BF3675EBC46B}.Release|Any CPU.Build.0 = Release|Any CPU
		{44660FF2-F855-4181-B228-A23B73B72F48}.Debug|Any CPU.ActiveCfg = Debug|Any CPU
		{44660FF2-F855-4181-B228-A23B73B72F48}.Debug|Any CPU.Build.0 = Debug|Any CPU
		{44660FF2-F855-4181-B228-A23B73B72F48}.Release|Any CPU.ActiveCfg = Release|Any CPU
		{44660FF2-F855-4181-B228-A23B73B72F48}.Release|Any CPU.Build.0 = Release|Any CPU
		{183F270E-C0B1-4764-9AA4-657C0C92B351}.Debug|Any CPU.ActiveCfg = Debug|Any CPU
		{183F270E-C0B1-4764-9AA4-657C0C92B351}.Debug|Any CPU.Build.0 = Debug|Any CPU
		{183F270E-C0B1-4764-9AA4-657C0C92B351}.Release|Any CPU.ActiveCfg = Release|Any CPU
		{183F270E-C0B1-4764-9AA4-657C0C92B351}.Release|Any CPU.Build.0 = Release|Any CPU
	EndGlobalSection
	GlobalSection(SolutionProperties) = preSolution
		HideSolutionNode = FALSE
	EndGlobalSection
	GlobalSection(ExtensibilityGlobals) = postSolution
		SolutionGuid = {DEE99652-6C3C-4068-B7C8-C8D5D981CA17}
	EndGlobalSection
EndGlobal
