
Microsoft Visual Studio Solution File, Format Version 12.00
# Visual Studio Version 16
VisualStudioVersion = 16.0.28922.388
MinimumVisualStudioVersion = 10.0.40219.1
Project("{FAE04EC0-301F-11D3-BF4B-00C04F79EFBC}") = "BingWallpaper", "BingWallpaper\BingWallpaper.csproj", "{EFB31E20-1787-4907-A14C-BF3675EBC46B}"
EndProject
Global
	GlobalSection(SolutionConfigurationPlatforms) = preSolution
		Debug|Any CPU = Debug|Any CPU
		Release|Any CPU = Release|Any CPU
	EndGlobalSection
	GlobalSection(ProjectConfigurationPlatforms) = postSolution
		{EFB31E20-1787-4907-A14C-BF3675EBC46B}.Debug|Any CPU.ActiveCfg = Debug|Any CPU
		{EFB31E20-1787-4907-A14C-BF3675EBC46B}.Debug|Any CPU.Build.0 = Debug|Any CPU
		{EFB31E20-1787-4907-A14C-BF3675EBC46B}.Release|Any CPU.ActiveCfg = Release|Any CPU
		{EFB31E20-1787-4907-A14C-BF3675EBC46B}.Release|Any CPU.Build.0 = Release|Any CPU
	EndGlobalSection
	GlobalSection(SolutionProperties) = preSolution
		HideSolutionNode = FALSE
	EndGlobalSection
	GlobalSection(ExtensibilityGlobals) = postSolution
		SolutionGuid = {DEE99652-6C3C-4068-B7C8-C8D5D981CA17}
	EndGlobalSection
EndGlobal
